// !$*UTF8*$!
{
	archiveVersion = 1;
	classes = {
	};
	objectVersion = 55;
	objects = {

/* Begin PBXBuildFile section */
		C6115AD2277661F7005AF49D /* AppDelegate.swift in Sources */ = {isa = PBXBuildFile; fileRef = C6115AD1277661F7005AF49D /* AppDelegate.swift */; };
		C6115AD4277661F7005AF49D /* SceneDelegate.swift in Sources */ = {isa = PBXBuildFile; fileRef = C6115AD3277661F7005AF49D /* SceneDelegate.swift */; };
		C6115AD9277661F7005AF49D /* Main.storyboard in Resources */ = {isa = PBXBuildFile; fileRef = C6115AD7277661F7005AF49D /* Main.storyboard */; };
		C6115ADB277661F7005AF49D /* Assets.xcassets in Resources */ = {isa = PBXBuildFile; fileRef = C6115ADA277661F7005AF49D /* Assets.xcassets */; };
		C6115ADE277661F7005AF49D /* LaunchScreen.storyboard in Resources */ = {isa = PBXBuildFile; fileRef = C6115ADC277661F7005AF49D /* LaunchScreen.storyboard */; };
		C6115AE927779065005AF49D /* FirebaseAuth in Frameworks */ = {isa = PBXBuildFile; productRef = C6115AE827779065005AF49D /* FirebaseAuth */; };
		C6115AEB27779065005AF49D /* FirebaseFirestore in Frameworks */ = {isa = PBXBuildFile; productRef = C6115AEA27779065005AF49D /* FirebaseFirestore */; };
		C6115AED27779065005AF49D /* FirebaseStorage in Frameworks */ = {isa = PBXBuildFile; productRef = C6115AEC27779065005AF49D /* FirebaseStorage */; };
		C6115AF127779CC0005AF49D /* LoginViewController.swift in Sources */ = {isa = PBXBuildFile; fileRef = C6115AF027779CC0005AF49D /* LoginViewController.swift */; };
		C6115AF327779CE9005AF49D /* SignupViewController.swift in Sources */ = {isa = PBXBuildFile; fileRef = C6115AF227779CE9005AF49D /* SignupViewController.swift */; };
		C6115AF527779CFF005AF49D /* LandViewController.swift in Sources */ = {isa = PBXBuildFile; fileRef = C6115AF427779CFF005AF49D /* LandViewController.swift */; };
		C6115AFB2778604E005AF49D /* GoogleService-Info.plist in Resources */ = {isa = PBXBuildFile; fileRef = C6115AFA2778604E005AF49D /* GoogleService-Info.plist */; };
		C6151ED02779E3B00011565E /* Activity.swift in Sources */ = {isa = PBXBuildFile; fileRef = C6151ECF2779E3B00011565E /* Activity.swift */; };
		C6151ED22779E8340011565E /* ImageView.swift in Sources */ = {isa = PBXBuildFile; fileRef = C6151ED12779E8340011565E /* ImageView.swift */; };
		C6151ED52779F5050011565E /* User.swift in Sources */ = {isa = PBXBuildFile; fileRef = C6151ED42779F5050011565E /* User.swift */; };
		C6151ED72779F69D0011565E /* Movie.swift in Sources */ = {isa = PBXBuildFile; fileRef = C6151ED62779F69D0011565E /* Movie.swift */; };
		C6151ED9277A2F670011565E /* TextField.swift in Sources */ = {isa = PBXBuildFile; fileRef = C6151ED8277A2F670011565E /* TextField.swift */; };
		C6D84FBE277C6EBA002A44BC /* MovieCollectionViewCell.swift in Sources */ = {isa = PBXBuildFile; fileRef = C6D84FBC277C6EBA002A44BC /* MovieCollectionViewCell.swift */; };
		C6D84FBF277C6EBA002A44BC /* MovieCollectionViewCell.xib in Resources */ = {isa = PBXBuildFile; fileRef = C6D84FBD277C6EBA002A44BC /* MovieCollectionViewCell.xib */; };
		C6D8A2B12779A32D005FBD5B /* AccountViewController.swift in Sources */ = {isa = PBXBuildFile; fileRef = C6D8A2B02779A32D005FBD5B /* AccountViewController.swift */; };
		C6D8A2B32779AE9A005FBD5B /* MoviesViewController.swift in Sources */ = {isa = PBXBuildFile; fileRef = C6D8A2B22779AE9A005FBD5B /* MoviesViewController.swift */; };
/* End PBXBuildFile section */

/* Begin PBXFileReference section */
		C6115ACE277661F7005AF49D /* NextWatch.app */ = {isa = PBXFileReference; explicitFileType = wrapper.application; includeInIndex = 0; path = NextWatch.app; sourceTree = BUILT_PRODUCTS_DIR; };
		C6115AD1277661F7005AF49D /* AppDelegate.swift */ = {isa = PBXFileReference; lastKnownFileType = sourcecode.swift; path = AppDelegate.swift; sourceTree = "<group>"; };
		C6115AD3277661F7005AF49D /* SceneDelegate.swift */ = {isa = PBXFileReference; lastKnownFileType = sourcecode.swift; path = SceneDelegate.swift; sourceTree = "<group>"; };
		C6115AD8277661F7005AF49D /* Base */ = {isa = PBXFileReference; lastKnownFileType = file.storyboard; name = Base; path = Base.lproj/Main.storyboard; sourceTree = "<group>"; };
		C6115ADA277661F7005AF49D /* Assets.xcassets */ = {isa = PBXFileReference; lastKnownFileType = folder.assetcatalog; path = Assets.xcassets; sourceTree = "<group>"; };
		C6115ADD277661F7005AF49D /* Base */ = {isa = PBXFileReference; lastKnownFileType = file.storyboard; name = Base; path = Base.lproj/LaunchScreen.storyboard; sourceTree = "<group>"; };
		C6115ADF277661F7005AF49D /* Info.plist */ = {isa = PBXFileReference; lastKnownFileType = text.plist.xml; path = Info.plist; sourceTree = "<group>"; };
		C6115AF027779CC0005AF49D /* LoginViewController.swift */ = {isa = PBXFileReference; lastKnownFileType = sourcecode.swift; path = LoginViewController.swift; sourceTree = "<group>"; };
		C6115AF227779CE9005AF49D /* SignupViewController.swift */ = {isa = PBXFileReference; lastKnownFileType = sourcecode.swift; path = SignupViewController.swift; sourceTree = "<group>"; };
		C6115AF427779CFF005AF49D /* LandViewController.swift */ = {isa = PBXFileReference; lastKnownFileType = sourcecode.swift; path = LandViewController.swift; sourceTree = "<group>"; };
		C6115AFA2778604E005AF49D /* GoogleService-Info.plist */ = {isa = PBXFileReference; fileEncoding = 4; lastKnownFileType = text.plist.xml; path = "GoogleService-Info.plist"; sourceTree = "<group>"; };
		C6151ECF2779E3B00011565E /* Activity.swift */ = {isa = PBXFileReference; lastKnownFileType = sourcecode.swift; path = Activity.swift; sourceTree = "<group>"; };
		C6151ED12779E8340011565E /* ImageView.swift */ = {isa = PBXFileReference; lastKnownFileType = sourcecode.swift; path = ImageView.swift; sourceTree = "<group>"; };
		C6151ED42779F5050011565E /* User.swift */ = {isa = PBXFileReference; lastKnownFileType = sourcecode.swift; path = User.swift; sourceTree = "<group>"; };
		C6151ED62779F69D0011565E /* Movie.swift */ = {isa = PBXFileReference; lastKnownFileType = sourcecode.swift; path = Movie.swift; sourceTree = "<group>"; };
		C6151ED8277A2F670011565E /* TextField.swift */ = {isa = PBXFileReference; lastKnownFileType = sourcecode.swift; path = TextField.swift; sourceTree = "<group>"; };
		C6D84FBC277C6EBA002A44BC /* MovieCollectionViewCell.swift */ = {isa = PBXFileReference; lastKnownFileType = sourcecode.swift; path = MovieCollectionViewCell.swift; sourceTree = "<group>"; };
		C6D84FBD277C6EBA002A44BC /* MovieCollectionViewCell.xib */ = {isa = PBXFileReference; lastKnownFileType = file.xib; path = MovieCollectionViewCell.xib; sourceTree = "<group>"; };
		C6D8A2B02779A32D005FBD5B /* AccountViewController.swift */ = {isa = PBXFileReference; lastKnownFileType = sourcecode.swift; path = AccountViewController.swift; sourceTree = "<group>"; };
		C6D8A2B22779AE9A005FBD5B /* MoviesViewController.swift */ = {isa = PBXFileReference; lastKnownFileType = sourcecode.swift; path = MoviesViewController.swift; sourceTree = "<group>"; };
/* End PBXFileReference section */

/* Begin PBXFrameworksBuildPhase section */
		C6115ACB277661F7005AF49D /* Frameworks */ = {
			isa = PBXFrameworksBuildPhase;
			buildActionMask = 2147483647;
			files = (
				C6115AE927779065005AF49D /* FirebaseAuth in Frameworks */,
				C6115AEB27779065005AF49D /* FirebaseFirestore in Frameworks */,
				C6115AED27779065005AF49D /* FirebaseStorage in Frameworks */,
			);
			runOnlyForDeploymentPostprocessing = 0;
		};
/* End PBXFrameworksBuildPhase section */

/* Begin PBXGroup section */
		C6115AC5277661F7005AF49D = {
			isa = PBXGroup;
			children = (
				C6115AD0277661F7005AF49D /* NextWatch */,
				C6115ACF277661F7005AF49D /* Products */,
			);
			sourceTree = "<group>";
		};
		C6115ACF277661F7005AF49D /* Products */ = {
			isa = PBXGroup;
			children = (
				C6115ACE277661F7005AF49D /* NextWatch.app */,
			);
			name = Products;
			sourceTree = "<group>";
		};
		C6115AD0277661F7005AF49D /* NextWatch */ = {
			isa = PBXGroup;
			children = (
				C6151ED32779F4DC0011565E /* Utill */,
				C6115AF92777A7E3005AF49D /* Delegate */,
				C6115AF82777A7AA005AF49D /* Controller */,
				C6115AF72777A7A2005AF49D /* View */,
				C6115AF62777A799005AF49D /* Model */,
				C6115ADA277661F7005AF49D /* Assets.xcassets */,
				C6115ADF277661F7005AF49D /* Info.plist */,
				C6115AFA2778604E005AF49D /* GoogleService-Info.plist */,
			);
			path = NextWatch;
			sourceTree = "<group>";
		};
		C6115AF62777A799005AF49D /* Model */ = {
			isa = PBXGroup;
			children = (
				C6151ED42779F5050011565E /* User.swift */,
				C6151ED62779F69D0011565E /* Movie.swift */,
			);
			path = Model;
			sourceTree = "<group>";
		};
		C6115AF72777A7A2005AF49D /* View */ = {
			isa = PBXGroup;
			children = (
				C6115AD7277661F7005AF49D /* Main.storyboard */,
				C6115ADC277661F7005AF49D /* LaunchScreen.storyboard */,
				C6D84FBD277C6EBA002A44BC /* MovieCollectionViewCell.xib */,
			);
			path = View;
			sourceTree = "<group>";
		};
		C6115AF82777A7AA005AF49D /* Controller */ = {
			isa = PBXGroup;
			children = (
				C6151ED8277A2F670011565E /* TextField.swift */,
				C6115AF427779CFF005AF49D /* LandViewController.swift */,
				C6115AF227779CE9005AF49D /* SignupViewController.swift */,
				C6115AF027779CC0005AF49D /* LoginViewController.swift */,
				C6D8A2B02779A32D005FBD5B /* AccountViewController.swift */,
				C6D8A2B22779AE9A005FBD5B /* MoviesViewController.swift */,
				C6D84FBC277C6EBA002A44BC /* MovieCollectionViewCell.swift */,
			);
			path = Controller;
			sourceTree = "<group>";
		};
		C6115AF92777A7E3005AF49D /* Delegate */ = {
			isa = PBXGroup;
			children = (
				C6115AD1277661F7005AF49D /* AppDelegate.swift */,
				C6115AD3277661F7005AF49D /* SceneDelegate.swift */,
			);
			path = Delegate;
			sourceTree = "<group>";
		};
		C6151ED32779F4DC0011565E /* Utill */ = {
			isa = PBXGroup;
			children = (
				C6151ECF2779E3B00011565E /* Activity.swift */,
				C6151ED12779E8340011565E /* ImageView.swift */,
			);
			path = Utill;
			sourceTree = "<group>";
		};
/* End PBXGroup section */

/* Begin PBXNativeTarget section */
		C6115ACD277661F7005AF49D /* NextWatch */ = {
			isa = PBXNativeTarget;
			buildConfigurationList = C6115AE2277661F7005AF49D /* Build configuration list for PBXNativeTarget "NextWatch" */;
			buildPhases = (
				C6115ACA277661F7005AF49D /* Sources */,
				C6115ACB277661F7005AF49D /* Frameworks */,
				C6115ACC277661F7005AF49D /* Resources */,
			);
			buildRules = (
			);
			dependencies = (
			);
			name = NextWatch;
			packageProductDependencies = (
				C6115AE827779065005AF49D /* FirebaseAuth */,
				C6115AEA27779065005AF49D /* FirebaseFirestore */,
				C6115AEC27779065005AF49D /* FirebaseStorage */,
			);
			productName = NextWatch;
			productReference = C6115ACE277661F7005AF49D /* NextWatch.app */;
			productType = "com.apple.product-type.application";
		};
/* End PBXNativeTarget section */

/* Begin PBXProject section */
		C6115AC6277661F7005AF49D /* Project object */ = {
			isa = PBXProject;
			attributes = {
				BuildIndependentTargetsInParallel = 1;
				LastSwiftUpdateCheck = 1320;
				LastUpgradeCheck = 1320;
				TargetAttributes = {
					C6115ACD277661F7005AF49D = {
						CreatedOnToolsVersion = 13.2.1;
					};
				};
			};
			buildConfigurationList = C6115AC9277661F7005AF49D /* Build configuration list for PBXProject "NextWatch" */;
			compatibilityVersion = "Xcode 13.0";
			developmentRegion = en;
			hasScannedForEncodings = 0;
			knownRegions = (
				en,
				Base,
			);
			mainGroup = C6115AC5277661F7005AF49D;
			packageReferences = (
				C6115AE727779065005AF49D /* XCRemoteSwiftPackageReference "firebase-ios-sdk" */,
			);
			productRefGroup = C6115ACF277661F7005AF49D /* Products */;
			projectDirPath = "";
			projectRoot = "";
			targets = (
				C6115ACD277661F7005AF49D /* NextWatch */,
			);
		};
/* End PBXProject section */

/* Begin PBXResourcesBuildPhase section */
		C6115ACC277661F7005AF49D /* Resources */ = {
			isa = PBXResourcesBuildPhase;
			buildActionMask = 2147483647;
			files = (
				C6D84FBF277C6EBA002A44BC /* MovieCollectionViewCell.xib in Resources */,
				C6115ADE277661F7005AF49D /* LaunchScreen.storyboard in Resources */,
				C6115AFB2778604E005AF49D /* GoogleService-Info.plist in Resources */,
				C6115ADB277661F7005AF49D /* Assets.xcassets in Resources */,
				C6115AD9277661F7005AF49D /* Main.storyboard in Resources */,
			);
			runOnlyForDeploymentPostprocessing = 0;
		};
/* End PBXResourcesBuildPhase section */

/* Begin PBXSourcesBuildPhase section */
		C6115ACA277661F7005AF49D /* Sources */ = {
			isa = PBXSourcesBuildPhase;
			buildActionMask = 2147483647;
			files = (
				C6115AD2277661F7005AF49D /* AppDelegate.swift in Sources */,
				C6D84FBE277C6EBA002A44BC /* MovieCollectionViewCell.swift in Sources */,
				C6115AD4277661F7005AF49D /* SceneDelegate.swift in Sources */,
				C6D8A2B12779A32D005FBD5B /* AccountViewController.swift in Sources */,
				C6151ED9277A2F670011565E /* TextField.swift in Sources */,
				C6115AF127779CC0005AF49D /* LoginViewController.swift in Sources */,
				C6115AF327779CE9005AF49D /* SignupViewController.swift in Sources */,
				C6D8A2B32779AE9A005FBD5B /* MoviesViewController.swift in Sources */,
				C6151ED22779E8340011565E /* ImageView.swift in Sources */,
				C6151ED02779E3B00011565E /* Activity.swift in Sources */,
				C6151ED52779F5050011565E /* User.swift in Sources */,
				C6151ED72779F69D0011565E /* Movie.swift in Sources */,
				C6115AF527779CFF005AF49D /* LandViewController.swift in Sources */,
			);
			runOnlyForDeploymentPostprocessing = 0;
		};
/* End PBXSourcesBuildPhase section */

/* Begin PBXVariantGroup section */
		C6115AD7277661F7005AF49D /* Main.storyboard */ = {
			isa = PBXVariantGroup;
			children = (
				C6115AD8277661F7005AF49D /* Base */,
			);
			name = Main.storyboard;
			sourceTree = "<group>";
		};
		C6115ADC277661F7005AF49D /* LaunchScreen.storyboard */ = {
			isa = PBXVariantGroup;
			children = (
				C6115ADD277661F7005AF49D /* Base */,
			);
			name = LaunchScreen.storyboard;
			sourceTree = "<group>";
		};
/* End PBXVariantGroup section */

/* Begin XCBuildConfiguration section */
		C6115AE0277661F7005AF49D /* Debug */ = {
			isa = XCBuildConfiguration;
			buildSettings = {
				ALWAYS_SEARCH_USER_PATHS = NO;
				CLANG_ANALYZER_NONNULL = YES;
				CLANG_ANALYZER_NUMBER_OBJECT_CONVERSION = YES_AGGRESSIVE;
				CLANG_CXX_LANGUAGE_STANDARD = "gnu++17";
				CLANG_CXX_LIBRARY = "libc++";
				CLANG_ENABLE_MODULES = YES;
				CLANG_ENABLE_OBJC_ARC = YES;
				CLANG_ENABLE_OBJC_WEAK = YES;
				CLANG_WARN_BLOCK_CAPTURE_AUTORELEASING = YES;
				CLANG_WARN_BOOL_CONVERSION = YES;
				CLANG_WARN_COMMA = YES;
				CLANG_WARN_CONSTANT_CONVERSION = YES;
				CLANG_WARN_DEPRECATED_OBJC_IMPLEMENTATIONS = YES;
				CLANG_WARN_DIRECT_OBJC_ISA_USAGE = YES_ERROR;
				CLANG_WARN_DOCUMENTATION_COMMENTS = YES;
				CLANG_WARN_EMPTY_BODY = YES;
				CLANG_WARN_ENUM_CONVERSION = YES;
				CLANG_WARN_INFINITE_RECURSION = YES;
				CLANG_WARN_INT_CONVERSION = YES;
				CLANG_WARN_NON_LITERAL_NULL_CONVERSION = YES;
				CLANG_WARN_OBJC_IMPLICIT_RETAIN_SELF = YES;
				CLANG_WARN_OBJC_LITERAL_CONVERSION = YES;
				CLANG_WARN_OBJC_ROOT_CLASS = YES_ERROR;
				CLANG_WARN_QUOTED_INCLUDE_IN_FRAMEWORK_HEADER = YES;
				CLANG_WARN_RANGE_LOOP_ANALYSIS = YES;
				CLANG_WARN_STRICT_PROTOTYPES = YES;
				CLANG_WARN_SUSPICIOUS_MOVE = YES;
				CLANG_WARN_UNGUARDED_AVAILABILITY = YES_AGGRESSIVE;
				CLANG_WARN_UNREACHABLE_CODE = YES;
				CLANG_WARN__DUPLICATE_METHOD_MATCH = YES;
				COPY_PHASE_STRIP = NO;
				DEBUG_INFORMATION_FORMAT = dwarf;
				ENABLE_STRICT_OBJC_MSGSEND = YES;
				ENABLE_TESTABILITY = YES;
				GCC_C_LANGUAGE_STANDARD = gnu11;
				GCC_DYNAMIC_NO_PIC = NO;
				GCC_NO_COMMON_BLOCKS = YES;
				GCC_OPTIMIZATION_LEVEL = 0;
				GCC_PREPROCESSOR_DEFINITIONS = (
					"DEBUG=1",
					"$(inherited)",
				);
				GCC_WARN_64_TO_32_BIT_CONVERSION = YES;
				GCC_WARN_ABOUT_RETURN_TYPE = YES_ERROR;
				GCC_WARN_UNDECLARED_SELECTOR = YES;
				GCC_WARN_UNINITIALIZED_AUTOS = YES_AGGRESSIVE;
				GCC_WARN_UNUSED_FUNCTION = YES;
				GCC_WARN_UNUSED_VARIABLE = YES;
				IPHONEOS_DEPLOYMENT_TARGET = 15.2;
				MTL_ENABLE_DEBUG_INFO = INCLUDE_SOURCE;
				MTL_FAST_MATH = YES;
				ONLY_ACTIVE_ARCH = YES;
				SDKROOT = iphoneos;
				SWIFT_ACTIVE_COMPILATION_CONDITIONS = DEBUG;
				SWIFT_OPTIMIZATION_LEVEL = "-Onone";
			};
			name = Debug;
		};
		C6115AE1277661F7005AF49D /* Release */ = {
			isa = XCBuildConfiguration;
			buildSettings = {
				ALWAYS_SEARCH_USER_PATHS = NO;
				CLANG_ANALYZER_NONNULL = YES;
				CLANG_ANALYZER_NUMBER_OBJECT_CONVERSION = YES_AGGRESSIVE;
				CLANG_CXX_LANGUAGE_STANDARD = "gnu++17";
				CLANG_CXX_LIBRARY = "libc++";
				CLANG_ENABLE_MODULES = YES;
				CLANG_ENABLE_OBJC_ARC = YES;
				CLANG_ENABLE_OBJC_WEAK = YES;
				CLANG_WARN_BLOCK_CAPTURE_AUTORELEASING = YES;
				CLANG_WARN_BOOL_CONVERSION = YES;
				CLANG_WARN_COMMA = YES;
				CLANG_WARN_CONSTANT_CONVERSION = YES;
				CLANG_WARN_DEPRECATED_OBJC_IMPLEMENTATIONS = YES;
				CLANG_WARN_DIRECT_OBJC_ISA_USAGE = YES_ERROR;
				CLANG_WARN_DOCUMENTATION_COMMENTS = YES;
				CLANG_WARN_EMPTY_BODY = YES;
				CLANG_WARN_ENUM_CONVERSION = YES;
				CLANG_WARN_INFINITE_RECURSION = YES;
				CLANG_WARN_INT_CONVERSION = YES;
				CLANG_WARN_NON_LITERAL_NULL_CONVERSION = YES;
				CLANG_WARN_OBJC_IMPLICIT_RETAIN_SELF = YES;
				CLANG_WARN_OBJC_LITERAL_CONVERSION = YES;
				CLANG_WARN_OBJC_ROOT_CLASS = YES_ERROR;
				CLANG_WARN_QUOTED_INCLUDE_IN_FRAMEWORK_HEADER = YES;
				CLANG_WARN_RANGE_LOOP_ANALYSIS = YES;
				CLANG_WARN_STRICT_PROTOTYPES = YES;
				CLANG_WARN_SUSPICIOUS_MOVE = YES;
				CLANG_WARN_UNGUARDED_AVAILABILITY = YES_AGGRESSIVE;
				CLANG_WARN_UNREACHABLE_CODE = YES;
				CLANG_WARN__DUPLICATE_METHOD_MATCH = YES;
				COPY_PHASE_STRIP = NO;
				DEBUG_INFORMATION_FORMAT = "dwarf-with-dsym";
				ENABLE_NS_ASSERTIONS = NO;
				ENABLE_STRICT_OBJC_MSGSEND = YES;
				GCC_C_LANGUAGE_STANDARD = gnu11;
				GCC_NO_COMMON_BLOCKS = YES;
				GCC_WARN_64_TO_32_BIT_CONVERSION = YES;
				GCC_WARN_ABOUT_RETURN_TYPE = YES_ERROR;
				GCC_WARN_UNDECLARED_SELECTOR = YES;
				GCC_WARN_UNINITIALIZED_AUTOS = YES_AGGRESSIVE;
				GCC_WARN_UNUSED_FUNCTION = YES;
				GCC_WARN_UNUSED_VARIABLE = YES;
				IPHONEOS_DEPLOYMENT_TARGET = 15.2;
				MTL_ENABLE_DEBUG_INFO = NO;
				MTL_FAST_MATH = YES;
				SDKROOT = iphoneos;
				SWIFT_COMPILATION_MODE = wholemodule;
				SWIFT_OPTIMIZATION_LEVEL = "-O";
				VALIDATE_PRODUCT = YES;
			};
			name = Release;
		};
		C6115AE3277661F7005AF49D /* Debug */ = {
			isa = XCBuildConfiguration;
			buildSettings = {
				ASSETCATALOG_COMPILER_APPICON_NAME = AppIcon;
				ASSETCATALOG_COMPILER_GLOBAL_ACCENT_COLOR_NAME = AccentColor;
				CODE_SIGN_STYLE = Automatic;
				CURRENT_PROJECT_VERSION = 1;
				DEVELOPMENT_TEAM = ZH86HTK77A;
				GENERATE_INFOPLIST_FILE = YES;
				INFOPLIST_FILE = NextWatch/Info.plist;
				INFOPLIST_KEY_UIApplicationSupportsIndirectInputEvents = YES;
				INFOPLIST_KEY_UILaunchStoryboardName = LaunchScreen;
				INFOPLIST_KEY_UIMainStoryboardFile = Main;
				INFOPLIST_KEY_UISupportedInterfaceOrientations_iPad = "UIInterfaceOrientationPortrait UIInterfaceOrientationPortraitUpsideDown UIInterfaceOrientationLandscapeLeft UIInterfaceOrientationLandscapeRight";
				INFOPLIST_KEY_UISupportedInterfaceOrientations_iPhone = "UIInterfaceOrientationPortrait UIInterfaceOrientationLandscapeLeft UIInterfaceOrientationLandscapeRight";
				LD_RUNPATH_SEARCH_PATHS = (
					"$(inherited)",
					"@executable_path/Frameworks",
				);
				MARKETING_VERSION = 1.0;
				PRODUCT_BUNDLE_IDENTIFIER = Hamad7arisi.NextWatch;
				PRODUCT_NAME = "$(TARGET_NAME)";
				SWIFT_EMIT_LOC_STRINGS = YES;
				SWIFT_VERSION = 5.0;
				TARGETED_DEVICE_FAMILY = "1,2";
			};
			name = Debug;
		};
		C6115AE4277661F7005AF49D /* Release */ = {
			isa = XCBuildConfiguration;
			buildSettings = {
				ASSETCATALOG_COMPILER_APPICON_NAME = AppIcon;
				ASSETCATALOG_COMPILER_GLOBAL_ACCENT_COLOR_NAME = AccentColor;
				CODE_SIGN_STYLE = Automatic;
				CURRENT_PROJECT_VERSION = 1;
				DEVELOPMENT_TEAM = ZH86HTK77A;
				GENERATE_INFOPLIST_FILE = YES;
				INFOPLIST_FILE = NextWatch/Info.plist;
				INFOPLIST_KEY_UIApplicationSupportsIndirectInputEvents = YES;
				INFOPLIST_KEY_UILaunchStoryboardName = LaunchScreen;
				INFOPLIST_KEY_UIMainStoryboardFile = Main;
				INFOPLIST_KEY_UISupportedInterfaceOrientations_iPad = "UIInterfaceOrientationPortrait UIInterfaceOrientationPortraitUpsideDown UIInterfaceOrientationLandscapeLeft UIInterfaceOrientationLandscapeRight";
				INFOPLIST_KEY_UISupportedInterfaceOrientations_iPhone = "UIInterfaceOrientationPortrait UIInterfaceOrientationLandscapeLeft UIInterfaceOrientationLandscapeRight";
				LD_RUNPATH_SEARCH_PATHS = (
					"$(inherited)",
					"@executable_path/Frameworks",
				);
				MARKETING_VERSION = 1.0;
				PRODUCT_BUNDLE_IDENTIFIER = Hamad7arisi.NextWatch;
				PRODUCT_NAME = "$(TARGET_NAME)";
				SWIFT_EMIT_LOC_STRINGS = YES;
				SWIFT_VERSION = 5.0;
				TARGETED_DEVICE_FAMILY = "1,2";
			};
			name = Release;
		};
/* End XCBuildConfiguration section */

/* Begin XCConfigurationList section */
		C6115AC9277661F7005AF49D /* Build configuration list for PBXProject "NextWatch" */ = {
			isa = XCConfigurationList;
			buildConfigurations = (
				C6115AE0277661F7005AF49D /* Debug */,
				C6115AE1277661F7005AF49D /* Release */,
			);
			defaultConfigurationIsVisible = 0;
			defaultConfigurationName = Release;
		};
		C6115AE2277661F7005AF49D /* Build configuration list for PBXNativeTarget "NextWatch" */ = {
			isa = XCConfigurationList;
			buildConfigurations = (
				C6115AE3277661F7005AF49D /* Debug */,
				C6115AE4277661F7005AF49D /* Release */,
			);
			defaultConfigurationIsVisible = 0;
			defaultConfigurationName = Release;
		};
/* End XCConfigurationList section */

/* Begin XCRemoteSwiftPackageReference section */
		C6115AE727779065005AF49D /* XCRemoteSwiftPackageReference "firebase-ios-sdk" */ = {
			isa = XCRemoteSwiftPackageReference;
			repositoryURL = "https://github.com/firebase/firebase-ios-sdk";
			requirement = {
				kind = upToNextMajorVersion;
				minimumVersion = 8.0.0;
			};
		};
/* End XCRemoteSwiftPackageReference section */

/* Begin XCSwiftPackageProductDependency section */
		C6115AE827779065005AF49D /* FirebaseAuth */ = {
			isa = XCSwiftPackageProductDependency;
			package = C6115AE727779065005AF49D /* XCRemoteSwiftPackageReference "firebase-ios-sdk" */;
			productName = FirebaseAuth;
		};
		C6115AEA27779065005AF49D /* FirebaseFirestore */ = {
			isa = XCSwiftPackageProductDependency;
			package = C6115AE727779065005AF49D /* XCRemoteSwiftPackageReference "firebase-ios-sdk" */;
			productName = FirebaseFirestore;
		};
		C6115AEC27779065005AF49D /* FirebaseStorage */ = {
			isa = XCSwiftPackageProductDependency;
			package = C6115AE727779065005AF49D /* XCRemoteSwiftPackageReference "firebase-ios-sdk" */;
			productName = FirebaseStorage;
		};
/* End XCSwiftPackageProductDependency section */
	};
	rootObject = C6115AC6277661F7005AF49D /* Project object */;
}
